// !$*UTF8*$!
{
	archiveVersion = 1;
	classes = {
	};
	objectVersion = 48;
	objects = {

/* Begin PBXBuildFile section */
		AF1C6BAB1FEB6DDD003F291D /* AppDelegate.swift in Sources */ = {isa = PBXBuildFile; fileRef = AF1C6BAA1FEB6DDD003F291D /* AppDelegate.swift */; };
		AF1C6BAD1FEB6DDD003F291D /* ViewController.swift in Sources */ = {isa = PBXBuildFile; fileRef = AF1C6BAC1FEB6DDD003F291D /* ViewController.swift */; };
		AF1C6BB01FEB6DDD003F291D /* Main.storyboard in Resources */ = {isa = PBXBuildFile; fileRef = AF1C6BAE1FEB6DDD003F291D /* Main.storyboard */; };
		AF1C6BB21FEB6DDD003F291D /* Assets.xcassets in Resources */ = {isa = PBXBuildFile; fileRef = AF1C6BB11FEB6DDD003F291D /* Assets.xcassets */; };
		AF1C6BB51FEB6DDD003F291D /* LaunchScreen.storyboard in Resources */ = {isa = PBXBuildFile; fileRef = AF1C6BB31FEB6DDD003F291D /* LaunchScreen.storyboard */; };
		AF1C6BBD1FEB6E04003F291D /* TableViewController.swift in Sources */ = {isa = PBXBuildFile; fileRef = AF1C6BBC1FEB6E04003F291D /* TableViewController.swift */; };
/* End PBXBuildFile section */

/* Begin PBXFileReference section */
		AF1C6BA71FEB6DDD003F291D /* RemoveBottomLine.app */ = {isa = PBXFileReference; explicitFileType = wrapper.application; includeInIndex = 0; path = RemoveBottomLine.app; sourceTree = BUILT_PRODUCTS_DIR; };
		AF1C6BAA1FEB6DDD003F291D /* AppDelegate.swift */ = {isa = PBXFileReference; lastKnownFileType = sourcecode.swift; path = AppDelegate.swift; sourceTree = "<group>"; };
		AF1C6BAC1FEB6DDD003F291D /* ViewController.swift */ = {isa = PBXFileReference; lastKnownFileType = sourcecode.swift; path = ViewController.swift; sourceTree = "<group>"; };
		AF1C6BAF1FEB6DDD003F291D /* Base */ = {isa = PBXFileReference; lastKnownFileType = file.storyboard; name = Base; path = Base.lproj/Main.storyboard; sourceTree = "<group>"; };
		AF1C6BB11FEB6DDD003F291D /* Assets.xcassets */ = {isa = PBXFileReference; lastKnownFileType = folder.assetcatalog; path = Assets.xcassets; sourceTree = "<group>"; };
		AF1C6BB41FEB6DDD003F291D /* Base */ = {isa = PBXFileReference; lastKnownFileType = file.storyboard; name = Base; path = Base.lproj/LaunchScreen.storyboard; sourceTree = "<group>"; };
		AF1C6BB61FEB6DDD003F291D /* Info.plist */ = {isa = PBXFileReference; lastKnownFileType = text.plist.xml; path = Info.plist; sourceTree = "<group>"; };
		AF1C6BBC1FEB6E04003F291D /* TableViewController.swift */ = {isa = PBXFileReference; lastKnownFileType = sourcecode.swift; path = TableViewController.swift; sourceTree = "<group>"; };
/* End PBXFileReference section */

/* Begin PBXFrameworksBuildPhase section */
		AF1C6BA41FEB6DDD003F291D /* Frameworks */ = {
			isa = PBXFrameworksBuildPhase;
			buildActionMask = 2147483647;
			files = (
			);
			runOnlyForDeploymentPostprocessing = 0;
		};
/* End PBXFrameworksBuildPhase section */

/* Begin PBXGroup section */
		AF1C6B9E1FEB6DDD003F291D = {
			isa = PBXGroup;
			children = (
				AF1C6BA91FEB6DDD003F291D /* RemoveBottomLine */,
				AF1C6BA81FEB6DDD003F291D /* Products */,
			);
			sourceTree = "<group>";
		};
		AF1C6BA81FEB6DDD003F291D /* Products */ = {
			isa = PBXGroup;
			children = (
				AF1C6BA71FEB6DDD003F291D /* RemoveBottomLine.app */,
			);
			name = Products;
			sourceTree = "<group>";
		};
		AF1C6BA91FEB6DDD003F291D /* RemoveBottomLine */ = {
			isa = PBXGroup;
			children = (
				AF1C6BAA1FEB6DDD003F291D /* AppDelegate.swift */,
				AF1C6BAC1FEB6DDD003F291D /* ViewController.swift */,
				AF1C6BAE1FEB6DDD003F291D /* Main.storyboard */,
				AF1C6BBC1FEB6E04003F291D /* TableViewController.swift */,
				AF1C6BB11FEB6DDD003F291D /* Assets.xcassets */,
				AF1C6BB31FEB6DDD003F291D /* LaunchScreen.storyboard */,
				AF1C6BB61FEB6DDD003F291D /* Info.plist */,
			);
			path = RemoveBottomLine;
			sourceTree = "<group>";
		};
/* End PBXGroup section */

/* Begin PBXNativeTarget section */
		AF1C6BA61FEB6DDD003F291D /* RemoveBottomLine */ = {
			isa = PBXNativeTarget;
			buildConfigurationList = AF1C6BB91FEB6DDD003F291D /* Build configuration list for PBXNativeTarget "RemoveBottomLine" */;
			buildPhases = (
				AF1C6BA31FEB6DDD003F291D /* Sources */,
				AF1C6BA41FEB6DDD003F291D /* Frameworks */,
				AF1C6BA51FEB6DDD003F291D /* Resources */,
			);
			buildRules = (
			);
			dependencies = (
			);
			name = RemoveBottomLine;
			productName = RemoveBottomLine;
			productReference = AF1C6BA71FEB6DDD003F291D /* RemoveBottomLine.app */;
			productType = "com.apple.product-type.application";
		};
/* End PBXNativeTarget section */

/* Begin PBXProject section */
		AF1C6B9F1FEB6DDD003F291D /* Project object */ = {
			isa = PBXProject;
			attributes = {
				LastSwiftUpdateCheck = 0900;
				LastUpgradeCheck = 0900;
				ORGANIZATIONNAME = Anhdzai;
				TargetAttributes = {
					AF1C6BA61FEB6DDD003F291D = {
						CreatedOnToolsVersion = 9.0;
						ProvisioningStyle = Automatic;
					};
				};
			};
			buildConfigurationList = AF1C6BA21FEB6DDD003F291D /* Build configuration list for PBXProject "RemoveBottomLine" */;
			compatibilityVersion = "Xcode 8.0";
			developmentRegion = en;
			hasScannedForEncodings = 0;
			knownRegions = (
				en,
				Base,
			);
			mainGroup = AF1C6B9E1FEB6DDD003F291D;
			productRefGroup = AF1C6BA81FEB6DDD003F291D /* Products */;
			projectDirPath = "";
			projectRoot = "";
			targets = (
				AF1C6BA61FEB6DDD003F291D /* RemoveBottomLine */,
			);
		};
/* End PBXProject section */

/* Begin PBXResourcesBuildPhase section */
		AF1C6BA51FEB6DDD003F291D /* Resources */ = {
			isa = PBXResourcesBuildPhase;
			buildActionMask = 2147483647;
			files = (
				AF1C6BB51FEB6DDD003F291D /* LaunchScreen.storyboard in Resources */,
				AF1C6BB21FEB6DDD003F291D /* Assets.xcassets in Resources */,
				AF1C6BB01FEB6DDD003F291D /* Main.storyboard in Resources */,
			);
			runOnlyForDeploymentPostprocessing = 0;
		};
/* End PBXResourcesBuildPhase section */

/* Begin PBXSourcesBuildPhase section */
		AF1C6BA31FEB6DDD003F291D /* Sources */ = {
			isa = PBXSourcesBuildPhase;
			buildActionMask = 2147483647;
			files = (
				AF1C6BAD1FEB6DDD003F291D /* ViewController.swift in Sources */,
				AF1C6BBD1FEB6E04003F291D /* TableViewController.swift in Sources */,
				AF1C6BAB1FEB6DDD003F291D /* AppDelegate.swift in Sources */,
			);
			runOnlyForDeploymentPostprocessing = 0;
		};
/* End PBXSourcesBuildPhase section */

/* Begin PBXVariantGroup section */
		AF1C6BAE1FEB6DDD003F291D /* Main.storyboard */ = {
			isa = PBXVariantGroup;
			children = (
				AF1C6BAF1FEB6DDD003F291D /* Base */,
			);
			name = Main.storyboard;
			sourceTree = "<group>";
		};
		AF1C6BB31FEB6DDD003F291D /* LaunchScreen.storyboard */ = {
			isa = PBXVariantGroup;
			children = (
				AF1C6BB41FEB6DDD003F291D /* Base */,
			);
			name = LaunchScreen.storyboard;
			sourceTree = "<group>";
		};
/* End PBXVariantGroup section */

/* Begin XCBuildConfiguration section */
		AF1C6BB71FEB6DDD003F291D /* Debug */ = {
			isa = XCBuildConfiguration;
			buildSettings = {
				ALWAYS_SEARCH_USER_PATHS = NO;
				CLANG_ANALYZER_NONNULL = YES;
				CLANG_ANALYZER_NUMBER_OBJECT_CONVERSION = YES_AGGRESSIVE;
				CLANG_CXX_LANGUAGE_STANDARD = "gnu++14";
				CLANG_CXX_LIBRARY = "libc++";
				CLANG_ENABLE_MODULES = YES;
				CLANG_ENABLE_OBJC_ARC = YES;
				CLANG_WARN_BLOCK_CAPTURE_AUTORELEASING = YES;
				CLANG_WARN_BOOL_CONVERSION = YES;
				CLANG_WARN_COMMA = YES;
				CLANG_WARN_CONSTANT_CONVERSION = YES;
				CLANG_WARN_DIRECT_OBJC_ISA_USAGE = YES_ERROR;
				CLANG_WARN_DOCUMENTATION_COMMENTS = YES;
				CLANG_WARN_EMPTY_BODY = YES;
				CLANG_WARN_ENUM_CONVERSION = YES;
				CLANG_WARN_INFINITE_RECURSION = YES;
				CLANG_WARN_INT_CONVERSION = YES;
				CLANG_WARN_NON_LITERAL_NULL_CONVERSION = YES;
				CLANG_WARN_OBJC_LITERAL_CONVERSION = YES;
				CLANG_WARN_OBJC_ROOT_CLASS = YES_ERROR;
				CLANG_WARN_RANGE_LOOP_ANALYSIS = YES;
				CLANG_WARN_STRICT_PROTOTYPES = YES;
				CLANG_WARN_SUSPICIOUS_MOVE = YES;
				CLANG_WARN_UNGUARDED_AVAILABILITY = YES_AGGRESSIVE;
				CLANG_WARN_UNREACHABLE_CODE = YES;
				CLANG_WARN__DUPLICATE_METHOD_MATCH = YES;
				CODE_SIGN_IDENTITY = "iPhone Developer";
				COPY_PHASE_STRIP = NO;
				DEBUG_INFORMATION_FORMAT = dwarf;
				ENABLE_STRICT_OBJC_MSGSEND = YES;
				ENABLE_TESTABILITY = YES;
				GCC_C_LANGUAGE_STANDARD = gnu11;
				GCC_DYNAMIC_NO_PIC = NO;
				GCC_NO_COMMON_BLOCKS = YES;
				GCC_OPTIMIZATION_LEVEL = 0;
				GCC_PREPROCESSOR_DEFINITIONS = (
					"DEBUG=1",
					"$(inherited)",
				);
				GCC_WARN_64_TO_32_BIT_CONVERSION = YES;
				GCC_WARN_ABOUT_RETURN_TYPE = YES_ERROR;
				GCC_WARN_UNDECLARED_SELECTOR = YES;
				GCC_WARN_UNINITIALIZED_AUTOS = YES_AGGRESSIVE;
				GCC_WARN_UNUSED_FUNCTION = YES;
				GCC_WARN_UNUSED_VARIABLE = YES;
				IPHONEOS_DEPLOYMENT_TARGET = 11.0;
				MTL_ENABLE_DEBUG_INFO = YES;
				ONLY_ACTIVE_ARCH = YES;
				SDKROOT = iphoneos;
				SWIFT_ACTIVE_COMPILATION_CONDITIONS = DEBUG;
				SWIFT_OPTIMIZATION_LEVEL = "-Onone";
			};
			name = Debug;
		};
		AF1C6BB81FEB6DDD003F291D /* Release */ = {
			isa = XCBuildConfiguration;
			buildSettings = {
				ALWAYS_SEARCH_USER_PATHS = NO;
				CLANG_ANALYZER_NONNULL = YES;
				CLANG_ANALYZER_NUMBER_OBJECT_CONVERSION = YES_AGGRESSIVE;
				CLANG_CXX_LANGUAGE_STANDARD = "gnu++14";
				CLANG_CXX_LIBRARY = "libc++";
				CLANG_ENABLE_MODULES = YES;
				CLANG_ENABLE_OBJC_ARC = YES;
				CLANG_WARN_BLOCK_CAPTURE_AUTORELEASING = YES;
				CLANG_WARN_BOOL_CONVERSION = YES;
				CLANG_WARN_COMMA = YES;
				CLANG_WARN_CONSTANT_CONVERSION = YES;
				CLANG_WARN_DIRECT_OBJC_ISA_USAGE = YES_ERROR;
				CLANG_WARN_DOCUMENTATION_COMMENTS = YES;
				CLANG_WARN_EMPTY_BODY = YES;
				CLANG_WARN_ENUM_CONVERSION = YES;
				CLANG_WARN_INFINITE_RECURSION = YES;
				CLANG_WARN_INT_CONVERSION = YES;
				CLANG_WARN_NON_LITERAL_NULL_CONVERSION = YES;
				CLANG_WARN_OBJC_LITERAL_CONVERSION = YES;
				CLANG_WARN_OBJC_ROOT_CLASS = YES_ERROR;
				CLANG_WARN_RANGE_LOOP_ANALYSIS = YES;
				CLANG_WARN_STRICT_PROTOTYPES = YES;
				CLANG_WARN_SUSPICIOUS_MOVE = YES;
				CLANG_WARN_UNGUARDED_AVAILABILITY = YES_AGGRESSIVE;
				CLANG_WARN_UNREACHABLE_CODE = YES;
				CLANG_WARN__DUPLICATE_METHOD_MATCH = YES;
				CODE_SIGN_IDENTITY = "iPhone Developer";
				COPY_PHASE_STRIP = NO;
				DEBUG_INFORMATION_FORMAT = "dwarf-with-dsym";
				ENABLE_NS_ASSERTIONS = NO;
				ENABLE_STRICT_OBJC_MSGSEND = YES;
				GCC_C_LANGUAGE_STANDARD = gnu11;
				GCC_NO_COMMON_BLOCKS = YES;
				GCC_WARN_64_TO_32_BIT_CONVERSION = YES;
				GCC_WARN_ABOUT_RETURN_TYPE = YES_ERROR;
				GCC_WARN_UNDECLARED_SELECTOR = YES;
				GCC_WARN_UNINITIALIZED_AUTOS = YES_AGGRESSIVE;
				GCC_WARN_UNUSED_FUNCTION = YES;
				GCC_WARN_UNUSED_VARIABLE = YES;
				IPHONEOS_DEPLOYMENT_TARGET = 11.0;
				MTL_ENABLE_DEBUG_INFO = NO;
				SDKROOT = iphoneos;
				SWIFT_OPTIMIZATION_LEVEL = "-Owholemodule";
				VALIDATE_PRODUCT = YES;
			};
			name = Release;
		};
		AF1C6BBA1FEB6DDD003F291D /* Debug */ = {
			isa = XCBuildConfiguration;
			buildSettings = {
				ASSETCATALOG_COMPILER_APPICON_NAME = AppIcon;
				CODE_SIGN_STYLE = Automatic;
				INFOPLIST_FILE = RemoveBottomLine/Info.plist;
				LD_RUNPATH_SEARCH_PATHS = "$(inherited) @executable_path/Frameworks";
				PRODUCT_BUNDLE_IDENTIFIER = Anhdzai.RemoveBottomLine;
				PRODUCT_NAME = "$(TARGET_NAME)";
				SWIFT_VERSION = 4.0;
				TARGETED_DEVICE_FAMILY = "1,2";
			};
			name = Debug;
		};
		AF1C6BBB1FEB6DDD003F291D /* Release */ = {
			isa = XCBuildConfiguration;
			buildSettings = {
				ASSETCATALOG_COMPILER_APPICON_NAME = AppIcon;
				CODE_SIGN_STYLE = Automatic;
				INFOPLIST_FILE = RemoveBottomLine/Info.plist;
				LD_RUNPATH_SEARCH_PATHS = "$(inherited) @executable_path/Frameworks";
				PRODUCT_BUNDLE_IDENTIFIER = Anhdzai.RemoveBottomLine;
				PRODUCT_NAME = "$(TARGET_NAME)";
				SWIFT_VERSION = 4.0;
				TARGETED_DEVICE_FAMILY = "1,2";
			};
			name = Release;
		};
/* End XCBuildConfiguration section */

/* Begin XCConfigurationList section */
		AF1C6BA21FEB6DDD003F291D /* Build configuration list for PBXProject "RemoveBottomLine" */ = {
			isa = XCConfigurationList;
			buildConfigurations = (
				AF1C6BB71FEB6DDD003F291D /* Debug */,
				AF1C6BB81FEB6DDD003F291D /* Release */,
			);
			defaultConfigurationIsVisible = 0;
			defaultConfigurationName = Release;
		};
		AF1C6BB91FEB6DDD003F291D /* Build configuration list for PBXNativeTarget "RemoveBottomLine" */ = {
			isa = XCConfigurationList;
			buildConfigurations = (
				AF1C6BBA1FEB6DDD003F291D /* Debug */,
				AF1C6BBB1FEB6DDD003F291D /* Release */,
			);
			defaultConfigurationIsVisible = 0;
			defaultConfigurationName = Release;
		};
/* End XCConfigurationList section */
	};
	rootObject = AF1C6B9F1FEB6DDD003F291D /* Project object */;
}
